
Microsoft Visual Studio Solution File, Format Version 12.00
# Visual Studio 14
VisualStudioVersion = 14.0.25420.1
MinimumVisualStudioVersion = 10.0.40219.1
Project("{FAE04EC0-301F-11D3-BF4B-00C04F79EFBC}") = "HookSample.Core", "HookSample.Core\HookSample.Core.csproj", "{FB0DA538-B6A2-4E82-92A5-0ACF0F284B73}"
EndProject
Project("{FAE04EC0-301F-11D3-BF4B-00C04F79EFBC}") = "HookSample.UI", "HookSample.UI\HookSample.UI.csproj", "{5C5DD47A-EF1C-4808-957A-4F8AA1F3974A}"
EndProject
Global
	GlobalSection(SolutionConfigurationPlatforms) = preSolution
		Debug|Any CPU = Debug|Any CPU
		Release|Any CPU = Release|Any CPU
	EndGlobalSection
	GlobalSection(ProjectConfigurationPlatforms) = postSolution
		{FB0DA538-B6A2-4E82-92A5-0ACF0F284B73}.Debug|Any CPU.ActiveCfg = Debug|Any CPU
		{FB0DA538-B6A2-4E82-92A5-0ACF0F284B73}.Debug|Any CPU.Build.0 = Debug|Any CPU
		{FB0DA538-B6A2-4E82-92A5-0ACF0F284B73}.Release|Any CPU.ActiveCfg = Release|Any CPU
		{FB0DA538-B6A2-4E82-92A5-0ACF0F284B73}.Release|Any CPU.Build.0 = Release|Any CPU
		{5C5DD47A-EF1C-4808-957A-4F8AA1F3974A}.Debug|Any CPU.ActiveCfg = Debug|Any CPU
		{5C5DD47A-EF1C-4808-957A-4F8AA1F3974A}.Debug|Any CPU.Build.0 = Debug|Any CPU
		{5C5DD47A-EF1C-4808-957A-4F8AA1F3974A}.Release|Any CPU.ActiveCfg = Release|Any CPU
		{5C5DD47A-EF1C-4808-957A-4F8AA1F3974A}.Release|Any CPU.Build.0 = Release|Any CPU
	EndGlobalSection
	GlobalSection(SolutionProperties) = preSolution
		HideSolutionNode = FALSE
	EndGlobalSection
EndGlobal
